
Microsoft Visual Studio Solution File, Format Version 12.00
# Visual Studio Version 17
VisualStudioVersion = 17.14.36518.9 d17.14
MinimumVisualStudioVersion = 10.0.40219.1
Project("{FAE04EC0-301F-11D3-BF4B-00C04F79EFBC}") = "EmailService", "EmailService\EmailService.csproj", "{A0709C80-09C6-4CF9-AD97-67E57E0793AB}"
EndProject
Project("{FAE04EC0-301F-11D3-BF4B-00C04F79EFBC}") = "SmsService", "SmsService\SmsService.csproj", "{EB4F97F0-4BEA-4B7B-ABEC-4A4AB26022A9}"
EndProject
Project("{FAE04EC0-301F-11D3-BF4B-00C04F79EFBC}") = "WhatsappService", "WhatsappService\WhatsappService.csproj", "{113FFA59-1D24-4028-981A-6706C5B12047}"
EndProject
Global
	GlobalSection(SolutionConfigurationPlatforms) = preSolution
		Debug|Any CPU = Debug|Any CPU
		Release|Any CPU = Release|Any CPU
	EndGlobalSection
	GlobalSection(ProjectConfigurationPlatforms) = postSolution
		{A0709C80-09C6-4CF9-AD97-67E57E0793AB}.Debug|Any CPU.ActiveCfg = Debug|Any CPU
		{A0709C80-09C6-4CF9-AD97-67E57E0793AB}.Debug|Any CPU.Build.0 = Debug|Any CPU
		{A0709C80-09C6-4CF9-AD97-67E57E0793AB}.Release|Any CPU.ActiveCfg = Release|Any CPU
		{A0709C80-09C6-4CF9-AD97-67E57E0793AB}.Release|Any CPU.Build.0 = Release|Any CPU
		{EB4F97F0-4BEA-4B7B-ABEC-4A4AB26022A9}.Debug|Any CPU.ActiveCfg = Debug|Any CPU
		{EB4F97F0-4BEA-4B7B-ABEC-4A4AB26022A9}.Debug|Any CPU.Build.0 = Debug|Any CPU
		{EB4F97F0-4BEA-4B7B-ABEC-4A4AB26022A9}.Release|Any CPU.ActiveCfg = Release|Any CPU
		{EB4F97F0-4BEA-4B7B-ABEC-4A4AB26022A9}.Release|Any CPU.Build.0 = Release|Any CPU
		{113FFA59-1D24-4028-981A-6706C5B12047}.Debug|Any CPU.ActiveCfg = Debug|Any CPU
		{113FFA59-1D24-4028-981A-6706C5B12047}.Debug|Any CPU.Build.0 = Debug|Any CPU
		{113FFA59-1D24-4028-981A-6706C5B12047}.Release|Any CPU.ActiveCfg = Release|Any CPU
		{113FFA59-1D24-4028-981A-6706C5B12047}.Release|Any CPU.Build.0 = Release|Any CPU
	EndGlobalSection
	GlobalSection(SolutionProperties) = preSolution
		HideSolutionNode = FALSE
	EndGlobalSection
	GlobalSection(ExtensibilityGlobals) = postSolution
		SolutionGuid = {B29E5775-37F5-4A0E-9874-A6853BF9B4F7}
	EndGlobalSection
EndGlobal
